
Microsoft Visual Studio Solution File, Format Version 12.00
# Visual Studio Version 17
VisualStudioVersion = 17.14.36930.0
MinimumVisualStudioVersion = 10.0.40219.1
Project("{FAE04EC0-301F-11D3-BF4B-00C04F79EFBC}") = "NotificationSystem", "NotificationSystem.csproj", "{C99BCADC-15D7-4AF7-B946-1AA99FFCA58B}"
EndProject
Project("{2150E333-8FDC-42A3-9474-1A3956D46DE8}") = "FactoryMethod", "FactoryMethod", "{02EA681E-C7D8-13C7-8484-4AC65E1B71E8}"
EndProject
Project("{2150E333-8FDC-42A3-9474-1A3956D46DE8}") = "AbstractFactory", "AbstractFactory", "{2C53F8B5-079C-4AC9-84D9-9F4741728650}"
EndProject
Project("{FAE04EC0-301F-11D3-BF4B-00C04F79EFBC}") = "Restaurant", "..\..\AbstractFactory\Restaurant\Restaurant.csproj", "{33FC7F7D-99A4-468C-9B5A-B8AB14EDEA79}"
EndProject
Project("{2150E333-8FDC-42A3-9474-1A3956D46DE8}") = "Singleton", "Singleton", "{125BC4C4-CE1E-49F6-A77B-EBFC06DA5790}"
EndProject
Project("{FAE04EC0-301F-11D3-BF4B-00C04F79EFBC}") = "LoggerExample", "..\..\Singleton\Logger\LoggerExample.csproj", "{25AA24A7-17BD-4642-A930-833B41BF8100}"
EndProject
Project("{2150E333-8FDC-42A3-9474-1A3956D46DE8}") = "Builder", "Builder", "{6A32AF82-D848-4429-BE52-C6F30F4F2D05}"
EndProject
Project("{FAE04EC0-301F-11D3-BF4B-00C04F79EFBC}") = "PizzaMaker", "..\..\Builder\PizzaMaker\PizzaMaker.csproj", "{D24F0EDF-8D04-48E7-BD51-5EA1881B2B34}"
EndProject
Project("{2150E333-8FDC-42A3-9474-1A3956D46DE8}") = "Prototype", "Prototype", "{54249E64-49FB-4848-9D25-625DD71961D9}"
EndProject
Project("{FAE04EC0-301F-11D3-BF4B-00C04F79EFBC}") = "Shapes", "..\..\Prototype\Shapes\Shapes.csproj", "{07D74A74-0216-4187-B042-9F1B0AA6D94B}"
EndProject
Project("{2150E333-8FDC-42A3-9474-1A3956D46DE8}") = "Proxy", "Proxy", "{6C1FA04E-F98F-468F-B6DC-4A034520F4F2}"
EndProject
Project("{FAE04EC0-301F-11D3-BF4B-00C04F79EFBC}") = "FileSystem", "..\..\Proxy\FileSystem\FileSystem.csproj", "{5790AE2D-0818-4C05-A81A-1D9632ABAF85}"
EndProject
Project("{2150E333-8FDC-42A3-9474-1A3956D46DE8}") = "Facade", "Facade", "{12AA4B9F-B2B8-480A-AE4C-C2236AE7C35E}"
EndProject
Project("{FAE04EC0-301F-11D3-BF4B-00C04F79EFBC}") = "Coffee Machine", "..\..\Facade\Coffee Machine\Coffee Machine.csproj", "{20731AA8-3D08-452C-8F06-4B069ED9FD20}"
EndProject
Project("{2150E333-8FDC-42A3-9474-1A3956D46DE8}") = "FlyWeight", "FlyWeight", "{92D7EE9A-7037-490A-99CE-66B3FF4CE9B6}"
EndProject
Project("{FAE04EC0-301F-11D3-BF4B-00C04F79EFBC}") = "RobotFactory", "..\..\FlyWeight\RobotFactory\RobotFactory.csproj", "{FB50ECF5-5B9B-4609-8008-F487B2404918}"
EndProject
Project("{2150E333-8FDC-42A3-9474-1A3956D46DE8}") = "Bridge", "Bridge", "{7D90DE39-AE29-4E73-BEEB-811B00E4DBAE}"
EndProject
Project("{FAE04EC0-301F-11D3-BF4B-00C04F79EFBC}") = "TvsAndRemotes", "..\..\Bridge\TvsAndRemotes\TvsAndRemotes.csproj", "{E7443763-C2CE-4420-940C-6EC2E8311EAF}"
EndProject
Project("{2150E333-8FDC-42A3-9474-1A3956D46DE8}") = "Chain of responsibility", "Chain of responsibility", "{06937D30-D7AD-4C18-BDA7-272FD430906C}"
EndProject
Project("{FAE04EC0-301F-11D3-BF4B-00C04F79EFBC}") = "OrderApproval1", "..\..\ChainOfResposibility\OrderApproval1\OrderApproval1.csproj", "{B84B8080-F3B9-4D3A-9116-CB19FA27C71A}"
EndProject
Global
	GlobalSection(SolutionConfigurationPlatforms) = preSolution
		Debug|Any CPU = Debug|Any CPU
		Release|Any CPU = Release|Any CPU
	EndGlobalSection
	GlobalSection(ProjectConfigurationPlatforms) = postSolution
		{C99BCADC-15D7-4AF7-B946-1AA99FFCA58B}.Debug|Any CPU.ActiveCfg = Debug|Any CPU
		{C99BCADC-15D7-4AF7-B946-1AA99FFCA58B}.Debug|Any CPU.Build.0 = Debug|Any CPU
		{C99BCADC-15D7-4AF7-B946-1AA99FFCA58B}.Release|Any CPU.ActiveCfg = Release|Any CPU
		{C99BCADC-15D7-4AF7-B946-1AA99FFCA58B}.Release|Any CPU.Build.0 = Release|Any CPU
		{33FC7F7D-99A4-468C-9B5A-B8AB14EDEA79}.Debug|Any CPU.ActiveCfg = Debug|Any CPU
		{33FC7F7D-99A4-468C-9B5A-B8AB14EDEA79}.Debug|Any CPU.Build.0 = Debug|Any CPU
		{33FC7F7D-99A4-468C-9B5A-B8AB14EDEA79}.Release|Any CPU.ActiveCfg = Release|Any CPU
		{33FC7F7D-99A4-468C-9B5A-B8AB14EDEA79}.Release|Any CPU.Build.0 = Release|Any CPU
		{25AA24A7-17BD-4642-A930-833B41BF8100}.Debug|Any CPU.ActiveCfg = Debug|Any CPU
		{25AA24A7-17BD-4642-A930-833B41BF8100}.Debug|Any CPU.Build.0 = Debug|Any CPU
		{25AA24A7-17BD-4642-A930-833B41BF8100}.Release|Any CPU.ActiveCfg = Release|Any CPU
		{25AA24A7-17BD-4642-A930-833B41BF8100}.Release|Any CPU.Build.0 = Release|Any CPU
		{D24F0EDF-8D04-48E7-BD51-5EA1881B2B34}.Debug|Any CPU.ActiveCfg = Debug|Any CPU
		{D24F0EDF-8D04-48E7-BD51-5EA1881B2B34}.Debug|Any CPU.Build.0 = Debug|Any CPU
		{D24F0EDF-8D04-48E7-BD51-5EA1881B2B34}.Release|Any CPU.ActiveCfg = Release|Any CPU
		{D24F0EDF-8D04-48E7-BD51-5EA1881B2B34}.Release|Any CPU.Build.0 = Release|Any CPU
		{07D74A74-0216-4187-B042-9F1B0AA6D94B}.Debug|Any CPU.ActiveCfg = Debug|Any CPU
		{07D74A74-0216-4187-B042-9F1B0AA6D94B}.Debug|Any CPU.Build.0 = Debug|Any CPU
		{07D74A74-0216-4187-B042-9F1B0AA6D94B}.Release|Any CPU.ActiveCfg = Release|Any CPU
		{07D74A74-0216-4187-B042-9F1B0AA6D94B}.Release|Any CPU.Build.0 = Release|Any CPU
		{5790AE2D-0818-4C05-A81A-1D9632ABAF85}.Debug|Any CPU.ActiveCfg = Debug|Any CPU
		{5790AE2D-0818-4C05-A81A-1D9632ABAF85}.Debug|Any CPU.Build.0 = Debug|Any CPU
		{5790AE2D-0818-4C05-A81A-1D9632ABAF85}.Release|Any CPU.ActiveCfg = Release|Any CPU
		{5790AE2D-0818-4C05-A81A-1D9632ABAF85}.Release|Any CPU.Build.0 = Release|Any CPU
		{20731AA8-3D08-452C-8F06-4B069ED9FD20}.Debug|Any CPU.ActiveCfg = Debug|Any CPU
		{20731AA8-3D08-452C-8F06-4B069ED9FD20}.Debug|Any CPU.Build.0 = Debug|Any CPU
		{20731AA8-3D08-452C-8F06-4B069ED9FD20}.Release|Any CPU.ActiveCfg = Release|Any CPU
		{20731AA8-3D08-452C-8F06-4B069ED9FD20}.Release|Any CPU.Build.0 = Release|Any CPU
		{FB50ECF5-5B9B-4609-8008-F487B2404918}.Debug|Any CPU.ActiveCfg = Debug|Any CPU
		{FB50ECF5-5B9B-4609-8008-F487B2404918}.Debug|Any CPU.Build.0 = Debug|Any CPU
		{FB50ECF5-5B9B-4609-8008-F487B2404918}.Release|Any CPU.ActiveCfg = Release|Any CPU
		{FB50ECF5-5B9B-4609-8008-F487B2404918}.Release|Any CPU.Build.0 = Release|Any CPU
		{E7443763-C2CE-4420-940C-6EC2E8311EAF}.Debug|Any CPU.ActiveCfg = Debug|Any CPU
		{E7443763-C2CE-4420-940C-6EC2E8311EAF}.Debug|Any CPU.Build.0 = Debug|Any CPU
		{E7443763-C2CE-4420-940C-6EC2E8311EAF}.Release|Any CPU.ActiveCfg = Release|Any CPU
		{E7443763-C2CE-4420-940C-6EC2E8311EAF}.Release|Any CPU.Build.0 = Release|Any CPU
		{B84B8080-F3B9-4D3A-9116-CB19FA27C71A}.Debug|Any CPU.ActiveCfg = Debug|Any CPU
		{B84B8080-F3B9-4D3A-9116-CB19FA27C71A}.Debug|Any CPU.Build.0 = Debug|Any CPU
		{B84B8080-F3B9-4D3A-9116-CB19FA27C71A}.Release|Any CPU.ActiveCfg = Release|Any CPU
		{B84B8080-F3B9-4D3A-9116-CB19FA27C71A}.Release|Any CPU.Build.0 = Release|Any CPU
	EndGlobalSection
	GlobalSection(SolutionProperties) = preSolution
		HideSolutionNode = FALSE
	EndGlobalSection
	GlobalSection(NestedProjects) = preSolution
		{C99BCADC-15D7-4AF7-B946-1AA99FFCA58B} = {02EA681E-C7D8-13C7-8484-4AC65E1B71E8}
		{33FC7F7D-99A4-468C-9B5A-B8AB14EDEA79} = {2C53F8B5-079C-4AC9-84D9-9F4741728650}
		{25AA24A7-17BD-4642-A930-833B41BF8100} = {125BC4C4-CE1E-49F6-A77B-EBFC06DA5790}
		{D24F0EDF-8D04-48E7-BD51-5EA1881B2B34} = {6A32AF82-D848-4429-BE52-C6F30F4F2D05}
		{07D74A74-0216-4187-B042-9F1B0AA6D94B} = {54249E64-49FB-4848-9D25-625DD71961D9}
		{5790AE2D-0818-4C05-A81A-1D9632ABAF85} = {6C1FA04E-F98F-468F-B6DC-4A034520F4F2}
		{20731AA8-3D08-452C-8F06-4B069ED9FD20} = {12AA4B9F-B2B8-480A-AE4C-C2236AE7C35E}
		{FB50ECF5-5B9B-4609-8008-F487B2404918} = {92D7EE9A-7037-490A-99CE-66B3FF4CE9B6}
		{E7443763-C2CE-4420-940C-6EC2E8311EAF} = {7D90DE39-AE29-4E73-BEEB-811B00E4DBAE}
		{B84B8080-F3B9-4D3A-9116-CB19FA27C71A} = {06937D30-D7AD-4C18-BDA7-272FD430906C}
	EndGlobalSection
	GlobalSection(ExtensibilityGlobals) = postSolution
		SolutionGuid = {00AA5396-1BBA-4628-8619-AE8466883C7C}
	EndGlobalSection
EndGlobal
